
Microsoft Visual Studio Solution File, Format Version 12.00
# Visual Studio Version 17
VisualStudioVersion = 17.5.33424.131
MinimumVisualStudioVersion = 10.0.40219.1
Project("{FAE04EC0-301F-11D3-BF4B-00C04F79EFBC}") = "CalculadoraWinApp", "CalculadoraWinApp\CalculadoraWinApp.csproj", "{BE0C8A31-DCC1-4FE9-A810-9C56DEFD16FD}"
EndProject
Global
	GlobalSection(SolutionConfigurationPlatforms) = preSolution
		Debug|Any CPU = Debug|Any CPU
		Release|Any CPU = Release|Any CPU
	EndGlobalSection
	GlobalSection(ProjectConfigurationPlatforms) = postSolution
		{BE0C8A31-DCC1-4FE9-A810-9C56DEFD16FD}.Debug|Any CPU.ActiveCfg = Debug|Any CPU
		{BE0C8A31-DCC1-4FE9-A810-9C56DEFD16FD}.Debug|Any CPU.Build.0 = Debug|Any CPU
		{BE0C8A31-DCC1-4FE9-A810-9C56DEFD16FD}.Release|Any CPU.ActiveCfg = Release|Any CPU
		{BE0C8A31-DCC1-4FE9-A810-9C56DEFD16FD}.Release|Any CPU.Build.0 = Release|Any CPU
	EndGlobalSection
	GlobalSection(SolutionProperties) = preSolution
		HideSolutionNode = FALSE
	EndGlobalSection
	GlobalSection(ExtensibilityGlobals) = postSolution
		SolutionGuid = {53E25CC5-4E77-4097-9131-F185381E7504}
	EndGlobalSection
EndGlobal
